
Microsoft Visual Studio Solution File, Format Version 12.00
# Visual Studio Version 16
VisualStudioVersion = 16.0.29306.81
MinimumVisualStudioVersion = 10.0.40219.1
Project("{FAE04EC0-301F-11D3-BF4B-00C04F79EFBC}") = "SmoodiGameClient", "SmoodiGameClient\SmoodiGameClient.csproj", "{3E6BEE9D-C6AF-4E29-BCBD-FFD9E67684CC}"
EndProject
Project("{FAE04EC0-301F-11D3-BF4B-00C04F79EFBC}") = "smoodi.mc.lib-fml1.12.2", "smoodi.mc.lib-fml1.12.2\smoodi.mc.lib-fml1.12.2.csproj", "{F3C8DB11-52F2-4708-8333-A3A824E92D6E}"
EndProject
Global
	GlobalSection(SolutionConfigurationPlatforms) = preSolution
		Debug|Any CPU = Debug|Any CPU
		Release|Any CPU = Release|Any CPU
	EndGlobalSection
	GlobalSection(ProjectConfigurationPlatforms) = postSolution
		{3E6BEE9D-C6AF-4E29-BCBD-FFD9E67684CC}.Debug|Any CPU.ActiveCfg = Debug|Any CPU
		{3E6BEE9D-C6AF-4E29-BCBD-FFD9E67684CC}.Debug|Any CPU.Build.0 = Debug|Any CPU
		{3E6BEE9D-C6AF-4E29-BCBD-FFD9E67684CC}.Release|Any CPU.ActiveCfg = Release|Any CPU
		{3E6BEE9D-C6AF-4E29-BCBD-FFD9E67684CC}.Release|Any CPU.Build.0 = Release|Any CPU
		{F3C8DB11-52F2-4708-8333-A3A824E92D6E}.Debug|Any CPU.ActiveCfg = Debug|Any CPU
		{F3C8DB11-52F2-4708-8333-A3A824E92D6E}.Debug|Any CPU.Build.0 = Debug|Any CPU
		{F3C8DB11-52F2-4708-8333-A3A824E92D6E}.Release|Any CPU.ActiveCfg = Release|Any CPU
		{F3C8DB11-52F2-4708-8333-A3A824E92D6E}.Release|Any CPU.Build.0 = Release|Any CPU
	EndGlobalSection
	GlobalSection(SolutionProperties) = preSolution
		HideSolutionNode = FALSE
	EndGlobalSection
	GlobalSection(ExtensibilityGlobals) = postSolution
		SolutionGuid = {760128C1-4A0F-47A5-BF9C-9ED493D93401}
	EndGlobalSection
EndGlobal
